// !$*UTF8*$!
{
	archiveVersion = 1;
	classes = {
	};
	objectVersion = 46;
	objects = {

/* Begin PBXBuildFile section */
		3786B3241C2370DF003657F1 /* Respondable.swift in Sources */ = {isa = PBXBuildFile; fileRef = 3786B3231C2370DF003657F1 /* Respondable.swift */; };
		37CCA6161B936EEC00C7AB4C /* main.swift in Sources */ = {isa = PBXBuildFile; fileRef = 37CCA6151B936EEC00C7AB4C /* main.swift */; };
		37CCA61D1B936F4400C7AB4C /* HTTPServer.swift in Sources */ = {isa = PBXBuildFile; fileRef = 37CCA61C1B936F4400C7AB4C /* HTTPServer.swift */; };
		37E4C2921B94AC9E00BAAAF9 /* HTTPResponseHandler.swift in Sources */ = {isa = PBXBuildFile; fileRef = 37E4C2911B94AC9E00BAAAF9 /* HTTPResponseHandler.swift */; };
/* End PBXBuildFile section */

/* Begin PBXCopyFilesBuildPhase section */
		37CCA6101B936EEC00C7AB4C /* CopyFiles */ = {
			isa = PBXCopyFilesBuildPhase;
			buildActionMask = 2147483647;
			dstPath = /usr/share/man/man1/;
			dstSubfolderSpec = 0;
			files = (
			);
			runOnlyForDeploymentPostprocessing = 1;
		};
/* End PBXCopyFilesBuildPhase section */

/* Begin PBXFileReference section */
		3786B3231C2370DF003657F1 /* Respondable.swift */ = {isa = PBXFileReference; fileEncoding = 4; lastKnownFileType = sourcecode.swift; path = Respondable.swift; sourceTree = "<group>"; };
		37CCA6121B936EEC00C7AB4C /* HTTPSwiftServer */ = {isa = PBXFileReference; explicitFileType = "compiled.mach-o.executable"; includeInIndex = 0; path = HTTPSwiftServer; sourceTree = BUILT_PRODUCTS_DIR; };
		37CCA6151B936EEC00C7AB4C /* main.swift */ = {isa = PBXFileReference; lastKnownFileType = sourcecode.swift; path = main.swift; sourceTree = "<group>"; };
		37CCA61C1B936F4400C7AB4C /* HTTPServer.swift */ = {isa = PBXFileReference; fileEncoding = 4; lastKnownFileType = sourcecode.swift; path = HTTPServer.swift; sourceTree = "<group>"; };
		37E4C2911B94AC9E00BAAAF9 /* HTTPResponseHandler.swift */ = {isa = PBXFileReference; fileEncoding = 4; lastKnownFileType = sourcecode.swift; path = HTTPResponseHandler.swift; sourceTree = "<group>"; };
/* End PBXFileReference section */

/* Begin PBXFrameworksBuildPhase section */
		37CCA60F1B936EEC00C7AB4C /* Frameworks */ = {
			isa = PBXFrameworksBuildPhase;
			buildActionMask = 2147483647;
			files = (
			);
			runOnlyForDeploymentPostprocessing = 0;
		};
/* End PBXFrameworksBuildPhase section */

/* Begin PBXGroup section */
		37CCA6091B936EEC00C7AB4C = {
			isa = PBXGroup;
			children = (
				37CCA6141B936EEC00C7AB4C /* HTTPSwiftServer */,
				37CCA6131B936EEC00C7AB4C /* Products */,
			);
			sourceTree = "<group>";
		};
		37CCA6131B936EEC00C7AB4C /* Products */ = {
			isa = PBXGroup;
			children = (
				37CCA6121B936EEC00C7AB4C /* HTTPSwiftServer */,
			);
			name = Products;
			sourceTree = "<group>";
		};
		37CCA6141B936EEC00C7AB4C /* HTTPSwiftServer */ = {
			isa = PBXGroup;
			children = (
				37CCA6151B936EEC00C7AB4C /* main.swift */,
				3786B3231C2370DF003657F1 /* Respondable.swift */,
				37CCA61C1B936F4400C7AB4C /* HTTPServer.swift */,
				37E4C2911B94AC9E00BAAAF9 /* HTTPResponseHandler.swift */,
			);
			path = HTTPSwiftServer;
			sourceTree = "<group>";
		};
/* End PBXGroup section */

/* Begin PBXNativeTarget section */
		37CCA6111B936EEC00C7AB4C /* HTTPSwiftServer */ = {
			isa = PBXNativeTarget;
			buildConfigurationList = 37CCA6191B936EEC00C7AB4C /* Build configuration list for PBXNativeTarget "HTTPSwiftServer" */;
			buildPhases = (
				37CCA60E1B936EEC00C7AB4C /* Sources */,
				37CCA60F1B936EEC00C7AB4C /* Frameworks */,
				37CCA6101B936EEC00C7AB4C /* CopyFiles */,
			);
			buildRules = (
			);
			dependencies = (
			);
			name = HTTPSwiftServer;
			productName = HTTPSwiftServer;
			productReference = 37CCA6121B936EEC00C7AB4C /* HTTPSwiftServer */;
			productType = "com.apple.product-type.tool";
		};
/* End PBXNativeTarget section */

/* Begin PBXProject section */
		37CCA60A1B936EEC00C7AB4C /* Project object */ = {
			isa = PBXProject;
			attributes = {
				LastSwiftMigration = 0700;
				LastSwiftUpdateCheck = 0700;
				LastUpgradeCheck = 0700;
				ORGANIZATIONNAME = Grzegorz.Leszek;
				TargetAttributes = {
					37CCA6111B936EEC00C7AB4C = {
						CreatedOnToolsVersion = 6.4;
						LastSwiftMigration = 0810;
					};
				};
			};
			buildConfigurationList = 37CCA60D1B936EEC00C7AB4C /* Build configuration list for PBXProject "HTTPSwiftServer" */;
			compatibilityVersion = "Xcode 3.2";
			developmentRegion = English;
			hasScannedForEncodings = 0;
			knownRegions = (
				en,
			);
			mainGroup = 37CCA6091B936EEC00C7AB4C;
			productRefGroup = 37CCA6131B936EEC00C7AB4C /* Products */;
			projectDirPath = "";
			projectRoot = "";
			targets = (
				37CCA6111B936EEC00C7AB4C /* HTTPSwiftServer */,
			);
		};
/* End PBXProject section */

/* Begin PBXSourcesBuildPhase section */
		37CCA60E1B936EEC00C7AB4C /* Sources */ = {
			isa = PBXSourcesBuildPhase;
			buildActionMask = 2147483647;
			files = (
				37CCA61D1B936F4400C7AB4C /* HTTPServer.swift in Sources */,
				37CCA6161B936EEC00C7AB4C /* main.swift in Sources */,
				37E4C2921B94AC9E00BAAAF9 /* HTTPResponseHandler.swift in Sources */,
				3786B3241C2370DF003657F1 /* Respondable.swift in Sources */,
			);
			runOnlyForDeploymentPostprocessing = 0;
		};
/* End PBXSourcesBuildPhase section */

/* Begin XCBuildConfiguration section */
		37CCA6171B936EEC00C7AB4C /* Debug */ = {
			isa = XCBuildConfiguration;
			buildSettings = {
				ALWAYS_SEARCH_USER_PATHS = NO;
				CLANG_CXX_LANGUAGE_STANDARD = "gnu++0x";
				CLANG_CXX_LIBRARY = "libc++";
				CLANG_ENABLE_MODULES = YES;
				CLANG_ENABLE_OBJC_ARC = YES;
				CLANG_WARN_BOOL_CONVERSION = YES;
				CLANG_WARN_CONSTANT_CONVERSION = YES;
				CLANG_WARN_DIRECT_OBJC_ISA_USAGE = YES_ERROR;
				CLANG_WARN_EMPTY_BODY = YES;
				CLANG_WARN_ENUM_CONVERSION = YES;
				CLANG_WARN_INT_CONVERSION = YES;
				CLANG_WARN_OBJC_ROOT_CLASS = YES_ERROR;
				CLANG_WARN_UNREACHABLE_CODE = YES;
				CLANG_WARN__DUPLICATE_METHOD_MATCH = YES;
				COPY_PHASE_STRIP = NO;
				DEBUG_INFORMATION_FORMAT = dwarf;
				ENABLE_STRICT_OBJC_MSGSEND = YES;
				ENABLE_TESTABILITY = YES;
				GCC_C_LANGUAGE_STANDARD = gnu99;
				GCC_DYNAMIC_NO_PIC = NO;
				GCC_NO_COMMON_BLOCKS = YES;
				GCC_OPTIMIZATION_LEVEL = 0;
				GCC_PREPROCESSOR_DEFINITIONS = (
					"DEBUG=1",
					"$(inherited)",
				);
				GCC_SYMBOLS_PRIVATE_EXTERN = NO;
				GCC_WARN_64_TO_32_BIT_CONVERSION = YES;
				GCC_WARN_ABOUT_RETURN_TYPE = YES_ERROR;
				GCC_WARN_UNDECLARED_SELECTOR = YES;
				GCC_WARN_UNINITIALIZED_AUTOS = YES_AGGRESSIVE;
				GCC_WARN_UNUSED_FUNCTION = YES;
				GCC_WARN_UNUSED_VARIABLE = YES;
				MACOSX_DEPLOYMENT_TARGET = 10.10;
				MTL_ENABLE_DEBUG_INFO = YES;
				ONLY_ACTIVE_ARCH = YES;
				SDKROOT = macosx;
				SWIFT_OPTIMIZATION_LEVEL = "-Onone";
			};
			name = Debug;
		};
		37CCA6181B936EEC00C7AB4C /* Release */ = {
			isa = XCBuildConfiguration;
			buildSettings = {
				ALWAYS_SEARCH_USER_PATHS = NO;
				CLANG_CXX_LANGUAGE_STANDARD = "gnu++0x";
				CLANG_CXX_LIBRARY = "libc++";
				CLANG_ENABLE_MODULES = YES;
				CLANG_ENABLE_OBJC_ARC = YES;
				CLANG_WARN_BOOL_CONVERSION = YES;
				CLANG_WARN_CONSTANT_CONVERSION = YES;
				CLANG_WARN_DIRECT_OBJC_ISA_USAGE = YES_ERROR;
				CLANG_WARN_EMPTY_BODY = YES;
				CLANG_WARN_ENUM_CONVERSION = YES;
				CLANG_WARN_INT_CONVERSION = YES;
				CLANG_WARN_OBJC_ROOT_CLASS = YES_ERROR;
				CLANG_WARN_UNREACHABLE_CODE = YES;
				CLANG_WARN__DUPLICATE_METHOD_MATCH = YES;
				COPY_PHASE_STRIP = NO;
				DEBUG_INFORMATION_FORMAT = "dwarf-with-dsym";
				ENABLE_NS_ASSERTIONS = NO;
				ENABLE_STRICT_OBJC_MSGSEND = YES;
				GCC_C_LANGUAGE_STANDARD = gnu99;
				GCC_NO_COMMON_BLOCKS = YES;
				GCC_WARN_64_TO_32_BIT_CONVERSION = YES;
				GCC_WARN_ABOUT_RETURN_TYPE = YES_ERROR;
				GCC_WARN_UNDECLARED_SELECTOR = YES;
				GCC_WARN_UNINITIALIZED_AUTOS = YES_AGGRESSIVE;
				GCC_WARN_UNUSED_FUNCTION = YES;
				GCC_WARN_UNUSED_VARIABLE = YES;
				MACOSX_DEPLOYMENT_TARGET = 10.10;
				MTL_ENABLE_DEBUG_INFO = NO;
				SDKROOT = macosx;
			};
			name = Release;
		};
		37CCA61A1B936EEC00C7AB4C /* Debug */ = {
			isa = XCBuildConfiguration;
			buildSettings = {
				PRODUCT_NAME = "$(TARGET_NAME)";
				SWIFT_VERSION = 3.0;
			};
			name = Debug;
		};
		37CCA61B1B936EEC00C7AB4C /* Release */ = {
			isa = XCBuildConfiguration;
			buildSettings = {
				PRODUCT_NAME = "$(TARGET_NAME)";
				SWIFT_VERSION = 3.0;
			};
			name = Release;
		};
/* End XCBuildConfiguration section */

/* Begin XCConfigurationList section */
		37CCA60D1B936EEC00C7AB4C /* Build configuration list for PBXProject "HTTPSwiftServer" */ = {
			isa = XCConfigurationList;
			buildConfigurations = (
				37CCA6171B936EEC00C7AB4C /* Debug */,
				37CCA6181B936EEC00C7AB4C /* Release */,
			);
			defaultConfigurationIsVisible = 0;
			defaultConfigurationName = Release;
		};
		37CCA6191B936EEC00C7AB4C /* Build configuration list for PBXNativeTarget "HTTPSwiftServer" */ = {
			isa = XCConfigurationList;
			buildConfigurations = (
				37CCA61A1B936EEC00C7AB4C /* Debug */,
				37CCA61B1B936EEC00C7AB4C /* Release */,
			);
			defaultConfigurationIsVisible = 0;
			defaultConfigurationName = Release;
		};
/* End XCConfigurationList section */
	};
	rootObject = 37CCA60A1B936EEC00C7AB4C /* Project object */;
}
